{
  "name": "@projectedby/cms",
  "version": "0.0.1",
  "lockfileVersion": 3,
  "requires": true,
  "packages": {
    "": {
      "name": "@projectedby/cms",
      "version": "0.0.1",
      "license": "MPL-2.0",
      "workspaces": [
        "static"
      ]
    },
    "node_modules/static": {
      "resolved": "static",
      "link": true
    },
    "static": {
      "version": "0.0.1",
      "license": "MPL-2.0"
    }
  }
}
