{
  "name": "@projectedby/cms",
  "version": "0.0.1",
  "lockfileVersion": 3,
  "requires": true,
  "packages": {
    "": {
      "name": "@projectedby/cms",
      "version": "0.0.1",
      "license": "MPL-2.0",
      "workspaces": [
        "exception",
        "storage"
      ]
    },
    "exception": {
      "version": "0.0.1",
      "license": "MPL-2.0"
    },
    "node_modules/exception": {
      "resolved": "exception",
      "link": true
    },
    "node_modules/storage": {
      "resolved": "storage",
      "link": true
    },
    "storage": {
      "version": "0.0.1",
      "license": "MPL-2.0",
      "devDependencies": {}
    }
  }
}
